// !$*UTF8*$!
{
	archiveVersion = 1;
	classes = {
	};
	objectVersion = 46;
	objects = {

/* Begin PBXBuildFile section */
		2EEF8D631EF9BCB90032C85B /* AppDelegate.swift in Sources */ = {isa = PBXBuildFile; fileRef = 2EEF8D621EF9BCB90032C85B /* AppDelegate.swift */; };
		2EEF8D651EF9BCB90032C85B /* ViewController.swift in Sources */ = {isa = PBXBuildFile; fileRef = 2EEF8D641EF9BCB90032C85B /* ViewController.swift */; };
		2EEF8D681EF9BCB90032C85B /* Main.storyboard in Resources */ = {isa = PBXBuildFile; fileRef = 2EEF8D661EF9BCB90032C85B /* Main.storyboard */; };
		2EEF8D6A1EF9BCB90032C85B /* Assets.xcassets in Resources */ = {isa = PBXBuildFile; fileRef = 2EEF8D691EF9BCB90032C85B /* Assets.xcassets */; };
		2EEF8D6D1EF9BCB90032C85B /* LaunchScreen.storyboard in Resources */ = {isa = PBXBuildFile; fileRef = 2EEF8D6B1EF9BCB90032C85B /* LaunchScreen.storyboard */; };
		2EEF8D781EF9BCB90032C85B /* TippyTests.swift in Sources */ = {isa = PBXBuildFile; fileRef = 2EEF8D771EF9BCB90032C85B /* TippyTests.swift */; };
		2EEF8D831EF9BCB90032C85B /* TippyUITests.swift in Sources */ = {isa = PBXBuildFile; fileRef = 2EEF8D821EF9BCB90032C85B /* TippyUITests.swift */; };
		2EEF8D911EF9EC0B0032C85B /* SettingsViewController.swift in Sources */ = {isa = PBXBuildFile; fileRef = 2EEF8D901EF9EC0B0032C85B /* SettingsViewController.swift */; };
/* End PBXBuildFile section */

/* Begin PBXContainerItemProxy section */
		2EEF8D741EF9BCB90032C85B /* PBXContainerItemProxy */ = {
			isa = PBXContainerItemProxy;
			containerPortal = 2EEF8D571EF9BCB90032C85B /* Project object */;
			proxyType = 1;
			remoteGlobalIDString = 2EEF8D5E1EF9BCB90032C85B;
			remoteInfo = Tippy;
		};
		2EEF8D7F1EF9BCB90032C85B /* PBXContainerItemProxy */ = {
			isa = PBXContainerItemProxy;
			containerPortal = 2EEF8D571EF9BCB90032C85B /* Project object */;
			proxyType = 1;
			remoteGlobalIDString = 2EEF8D5E1EF9BCB90032C85B;
			remoteInfo = Tippy;
		};
/* End PBXContainerItemProxy section */

/* Begin PBXFileReference section */
		2EEF8D5F1EF9BCB90032C85B /* Tippy.app */ = {isa = PBXFileReference; explicitFileType = wrapper.application; includeInIndex = 0; path = Tippy.app; sourceTree = BUILT_PRODUCTS_DIR; };
		2EEF8D621EF9BCB90032C85B /* AppDelegate.swift */ = {isa = PBXFileReference; lastKnownFileType = sourcecode.swift; path = AppDelegate.swift; sourceTree = "<group>"; };
		2EEF8D641EF9BCB90032C85B /* ViewController.swift */ = {isa = PBXFileReference; lastKnownFileType = sourcecode.swift; path = ViewController.swift; sourceTree = "<group>"; };
		2EEF8D671EF9BCB90032C85B /* Base */ = {isa = PBXFileReference; lastKnownFileType = file.storyboard; name = Base; path = Base.lproj/Main.storyboard; sourceTree = "<group>"; };
		2EEF8D691EF9BCB90032C85B /* Assets.xcassets */ = {isa = PBXFileReference; lastKnownFileType = folder.assetcatalog; path = Assets.xcassets; sourceTree = "<group>"; };
		2EEF8D6C1EF9BCB90032C85B /* Base */ = {isa = PBXFileReference; lastKnownFileType = file.storyboard; name = Base; path = Base.lproj/LaunchScreen.storyboard; sourceTree = "<group>"; };
		2EEF8D6E1EF9BCB90032C85B /* Info.plist */ = {isa = PBXFileReference; lastKnownFileType = text.plist.xml; path = Info.plist; sourceTree = "<group>"; };
		2EEF8D731EF9BCB90032C85B /* TippyTests.xctest */ = {isa = PBXFileReference; explicitFileType = wrapper.cfbundle; includeInIndex = 0; path = TippyTests.xctest; sourceTree = BUILT_PRODUCTS_DIR; };
		2EEF8D771EF9BCB90032C85B /* TippyTests.swift */ = {isa = PBXFileReference; lastKnownFileType = sourcecode.swift; path = TippyTests.swift; sourceTree = "<group>"; };
		2EEF8D791EF9BCB90032C85B /* Info.plist */ = {isa = PBXFileReference; lastKnownFileType = text.plist.xml; path = Info.plist; sourceTree = "<group>"; };
		2EEF8D7E1EF9BCB90032C85B /* TippyUITests.xctest */ = {isa = PBXFileReference; explicitFileType = wrapper.cfbundle; includeInIndex = 0; path = TippyUITests.xctest; sourceTree = BUILT_PRODUCTS_DIR; };
		2EEF8D821EF9BCB90032C85B /* TippyUITests.swift */ = {isa = PBXFileReference; lastKnownFileType = sourcecode.swift; path = TippyUITests.swift; sourceTree = "<group>"; };
		2EEF8D841EF9BCB90032C85B /* Info.plist */ = {isa = PBXFileReference; lastKnownFileType = text.plist.xml; path = Info.plist; sourceTree = "<group>"; };
		2EEF8D901EF9EC0B0032C85B /* SettingsViewController.swift */ = {isa = PBXFileReference; fileEncoding = 4; lastKnownFileType = sourcecode.swift; path = SettingsViewController.swift; sourceTree = "<group>"; };
/* End PBXFileReference section */

/* Begin PBXFrameworksBuildPhase section */
		2EEF8D5C1EF9BCB90032C85B /* Frameworks */ = {
			isa = PBXFrameworksBuildPhase;
			buildActionMask = 2147483647;
			files = (
			);
			runOnlyForDeploymentPostprocessing = 0;
		};
		2EEF8D701EF9BCB90032C85B /* Frameworks */ = {
			isa = PBXFrameworksBuildPhase;
			buildActionMask = 2147483647;
			files = (
			);
			runOnlyForDeploymentPostprocessing = 0;
		};
		2EEF8D7B1EF9BCB90032C85B /* Frameworks */ = {
			isa = PBXFrameworksBuildPhase;
			buildActionMask = 2147483647;
			files = (
			);
			runOnlyForDeploymentPostprocessing = 0;
		};
/* End PBXFrameworksBuildPhase section */

/* Begin PBXGroup section */
		2EEF8D561EF9BCB90032C85B = {
			isa = PBXGroup;
			children = (
				2EEF8D611EF9BCB90032C85B /* Tippy */,
				2EEF8D761EF9BCB90032C85B /* TippyTests */,
				2EEF8D811EF9BCB90032C85B /* TippyUITests */,
				2EEF8D601EF9BCB90032C85B /* Products */,
			);
			sourceTree = "<group>";
		};
		2EEF8D601EF9BCB90032C85B /* Products */ = {
			isa = PBXGroup;
			children = (
				2EEF8D5F1EF9BCB90032C85B /* Tippy.app */,
				2EEF8D731EF9BCB90032C85B /* TippyTests.xctest */,
				2EEF8D7E1EF9BCB90032C85B /* TippyUITests.xctest */,
			);
			name = Products;
			sourceTree = "<group>";
		};
		2EEF8D611EF9BCB90032C85B /* Tippy */ = {
			isa = PBXGroup;
			children = (
				2EEF8D621EF9BCB90032C85B /* AppDelegate.swift */,
				2EEF8D641EF9BCB90032C85B /* ViewController.swift */,
				2EEF8D661EF9BCB90032C85B /* Main.storyboard */,
				2EEF8D901EF9EC0B0032C85B /* SettingsViewController.swift */,
				2EEF8D691EF9BCB90032C85B /* Assets.xcassets */,
				2EEF8D6B1EF9BCB90032C85B /* LaunchScreen.storyboard */,
				2EEF8D6E1EF9BCB90032C85B /* Info.plist */,
			);
			path = Tippy;
			sourceTree = "<group>";
		};
		2EEF8D761EF9BCB90032C85B /* TippyTests */ = {
			isa = PBXGroup;
			children = (
				2EEF8D771EF9BCB90032C85B /* TippyTests.swift */,
				2EEF8D791EF9BCB90032C85B /* Info.plist */,
			);
			path = TippyTests;
			sourceTree = "<group>";
		};
		2EEF8D811EF9BCB90032C85B /* TippyUITests */ = {
			isa = PBXGroup;
			children = (
				2EEF8D821EF9BCB90032C85B /* TippyUITests.swift */,
				2EEF8D841EF9BCB90032C85B /* Info.plist */,
			);
			path = TippyUITests;
			sourceTree = "<group>";
		};
/* End PBXGroup section */

/* Begin PBXNativeTarget section */
		2EEF8D5E1EF9BCB90032C85B /* Tippy */ = {
			isa = PBXNativeTarget;
			buildConfigurationList = 2EEF8D871EF9BCB90032C85B /* Build configuration list for PBXNativeTarget "Tippy" */;
			buildPhases = (
				2EEF8D5B1EF9BCB90032C85B /* Sources */,
				2EEF8D5C1EF9BCB90032C85B /* Frameworks */,
				2EEF8D5D1EF9BCB90032C85B /* Resources */,
			);
			buildRules = (
			);
			dependencies = (
			);
			name = Tippy;
			productName = Tippy;
			productReference = 2EEF8D5F1EF9BCB90032C85B /* Tippy.app */;
			productType = "com.apple.product-type.application";
		};
		2EEF8D721EF9BCB90032C85B /* TippyTests */ = {
			isa = PBXNativeTarget;
			buildConfigurationList = 2EEF8D8A1EF9BCB90032C85B /* Build configuration list for PBXNativeTarget "TippyTests" */;
			buildPhases = (
				2EEF8D6F1EF9BCB90032C85B /* Sources */,
				2EEF8D701EF9BCB90032C85B /* Frameworks */,
				2EEF8D711EF9BCB90032C85B /* Resources */,
			);
			buildRules = (
			);
			dependencies = (
				2EEF8D751EF9BCB90032C85B /* PBXTargetDependency */,
			);
			name = TippyTests;
			productName = TippyTests;
			productReference = 2EEF8D731EF9BCB90032C85B /* TippyTests.xctest */;
			productType = "com.apple.product-type.bundle.unit-test";
		};
		2EEF8D7D1EF9BCB90032C85B /* TippyUITests */ = {
			isa = PBXNativeTarget;
			buildConfigurationList = 2EEF8D8D1EF9BCB90032C85B /* Build configuration list for PBXNativeTarget "TippyUITests" */;
			buildPhases = (
				2EEF8D7A1EF9BCB90032C85B /* Sources */,
				2EEF8D7B1EF9BCB90032C85B /* Frameworks */,
				2EEF8D7C1EF9BCB90032C85B /* Resources */,
			);
			buildRules = (
			);
			dependencies = (
				2EEF8D801EF9BCB90032C85B /* PBXTargetDependency */,
			);
			name = TippyUITests;
			productName = TippyUITests;
			productReference = 2EEF8D7E1EF9BCB90032C85B /* TippyUITests.xctest */;
			productType = "com.apple.product-type.bundle.ui-testing";
		};
/* End PBXNativeTarget section */

/* Begin PBXProject section */
		2EEF8D571EF9BCB90032C85B /* Project object */ = {
			isa = PBXProject;
			attributes = {
				LastSwiftUpdateCheck = 0830;
				LastUpgradeCheck = 0830;
				ORGANIZATIONNAME = "Shao Yie Soh";
				TargetAttributes = {
					2EEF8D5E1EF9BCB90032C85B = {
						CreatedOnToolsVersion = 8.3.2;
						ProvisioningStyle = Automatic;
					};
					2EEF8D721EF9BCB90032C85B = {
						CreatedOnToolsVersion = 8.3.2;
						ProvisioningStyle = Automatic;
						TestTargetID = 2EEF8D5E1EF9BCB90032C85B;
					};
					2EEF8D7D1EF9BCB90032C85B = {
						CreatedOnToolsVersion = 8.3.2;
						ProvisioningStyle = Automatic;
						TestTargetID = 2EEF8D5E1EF9BCB90032C85B;
					};
				};
			};
			buildConfigurationList = 2EEF8D5A1EF9BCB90032C85B /* Build configuration list for PBXProject "Tippy" */;
			compatibilityVersion = "Xcode 3.2";
			developmentRegion = English;
			hasScannedForEncodings = 0;
			knownRegions = (
				en,
				Base,
			);
			mainGroup = 2EEF8D561EF9BCB90032C85B;
			productRefGroup = 2EEF8D601EF9BCB90032C85B /* Products */;
			projectDirPath = "";
			projectRoot = "";
			targets = (
				2EEF8D5E1EF9BCB90032C85B /* Tippy */,
				2EEF8D721EF9BCB90032C85B /* TippyTests */,
				2EEF8D7D1EF9BCB90032C85B /* TippyUITests */,
			);
		};
/* End PBXProject section */

/* Begin PBXResourcesBuildPhase section */
		2EEF8D5D1EF9BCB90032C85B /* Resources */ = {
			isa = PBXResourcesBuildPhase;
			buildActionMask = 2147483647;
			files = (
				2EEF8D6D1EF9BCB90032C85B /* LaunchScreen.storyboard in Resources */,
				2EEF8D6A1EF9BCB90032C85B /* Assets.xcassets in Resources */,
				2EEF8D681EF9BCB90032C85B /* Main.storyboard in Resources */,
			);
			runOnlyForDeploymentPostprocessing = 0;
		};
		2EEF8D711EF9BCB90032C85B /* Resources */ = {
			isa = PBXResourcesBuildPhase;
			buildActionMask = 2147483647;
			files = (
			);
			runOnlyForDeploymentPostprocessing = 0;
		};
		2EEF8D7C1EF9BCB90032C85B /* Resources */ = {
			isa = PBXResourcesBuildPhase;
			buildActionMask = 2147483647;
			files = (
			);
			runOnlyForDeploymentPostprocessing = 0;
		};
/* End PBXResourcesBuildPhase section */

/* Begin PBXSourcesBuildPhase section */
		2EEF8D5B1EF9BCB90032C85B /* Sources */ = {
			isa = PBXSourcesBuildPhase;
			buildActionMask = 2147483647;
			files = (
				2EEF8D651EF9BCB90032C85B /* ViewController.swift in Sources */,
				2EEF8D631EF9BCB90032C85B /* AppDelegate.swift in Sources */,
				2EEF8D911EF9EC0B0032C85B /* SettingsViewController.swift in Sources */,
			);
			runOnlyForDeploymentPostprocessing = 0;
		};
		2EEF8D6F1EF9BCB90032C85B /* Sources */ = {
			isa = PBXSourcesBuildPhase;
			buildActionMask = 2147483647;
			files = (
				2EEF8D781EF9BCB90032C85B /* TippyTests.swift in Sources */,
			);
			runOnlyForDeploymentPostprocessing = 0;
		};
		2EEF8D7A1EF9BCB90032C85B /* Sources */ = {
			isa = PBXSourcesBuildPhase;
			buildActionMask = 2147483647;
			files = (
				2EEF8D831EF9BCB90032C85B /* TippyUITests.swift in Sources */,
			);
			runOnlyForDeploymentPostprocessing = 0;
		};
/* End PBXSourcesBuildPhase section */

/* Begin PBXTargetDependency section */
		2EEF8D751EF9BCB90032C85B /* PBXTargetDependency */ = {
			isa = PBXTargetDependency;
			target = 2EEF8D5E1EF9BCB90032C85B /* Tippy */;
			targetProxy = 2EEF8D741EF9BCB90032C85B /* PBXContainerItemProxy */;
		};
		2EEF8D801EF9BCB90032C85B /* PBXTargetDependency */ = {
			isa = PBXTargetDependency;
			target = 2EEF8D5E1EF9BCB90032C85B /* Tippy */;
			targetProxy = 2EEF8D7F1EF9BCB90032C85B /* PBXContainerItemProxy */;
		};
/* End PBXTargetDependency section */

/* Begin PBXVariantGroup section */
		2EEF8D661EF9BCB90032C85B /* Main.storyboard */ = {
			isa = PBXVariantGroup;
			children = (
				2EEF8D671EF9BCB90032C85B /* Base */,
			);
			name = Main.storyboard;
			sourceTree = "<group>";
		};
		2EEF8D6B1EF9BCB90032C85B /* LaunchScreen.storyboard */ = {
			isa = PBXVariantGroup;
			children = (
				2EEF8D6C1EF9BCB90032C85B /* Base */,
			);
			name = LaunchScreen.storyboard;
			sourceTree = "<group>";
		};
/* End PBXVariantGroup section */

/* Begin XCBuildConfiguration section */
		2EEF8D851EF9BCB90032C85B /* Debug */ = {
			isa = XCBuildConfiguration;
			buildSettings = {
				ALWAYS_SEARCH_USER_PATHS = NO;
				CLANG_ANALYZER_NONNULL = YES;
				CLANG_ANALYZER_NUMBER_OBJECT_CONVERSION = YES_AGGRESSIVE;
				CLANG_CXX_LANGUAGE_STANDARD = "gnu++0x";
				CLANG_CXX_LIBRARY = "libc++";
				CLANG_ENABLE_MODULES = YES;
				CLANG_ENABLE_OBJC_ARC = YES;
				CLANG_WARN_BOOL_CONVERSION = YES;
				CLANG_WARN_CONSTANT_CONVERSION = YES;
				CLANG_WARN_DIRECT_OBJC_ISA_USAGE = YES_ERROR;
				CLANG_WARN_DOCUMENTATION_COMMENTS = YES;
				CLANG_WARN_EMPTY_BODY = YES;
				CLANG_WARN_ENUM_CONVERSION = YES;
				CLANG_WARN_INFINITE_RECURSION = YES;
				CLANG_WARN_INT_CONVERSION = YES;
				CLANG_WARN_OBJC_ROOT_CLASS = YES_ERROR;
				CLANG_WARN_SUSPICIOUS_MOVE = YES;
				CLANG_WARN_UNREACHABLE_CODE = YES;
				CLANG_WARN__DUPLICATE_METHOD_MATCH = YES;
				"CODE_SIGN_IDENTITY[sdk=iphoneos*]" = "iPhone Developer";
				COPY_PHASE_STRIP = NO;
				DEBUG_INFORMATION_FORMAT = dwarf;
				ENABLE_STRICT_OBJC_MSGSEND = YES;
				ENABLE_TESTABILITY = YES;
				GCC_C_LANGUAGE_STANDARD = gnu99;
				GCC_DYNAMIC_NO_PIC = NO;
				GCC_NO_COMMON_BLOCKS = YES;
				GCC_OPTIMIZATION_LEVEL = 0;
				GCC_PREPROCESSOR_DEFINITIONS = (
					"DEBUG=1",
					"$(inherited)",
				);
				GCC_WARN_64_TO_32_BIT_CONVERSION = YES;
				GCC_WARN_ABOUT_RETURN_TYPE = YES_ERROR;
				GCC_WARN_UNDECLARED_SELECTOR = YES;
				GCC_WARN_UNINITIALIZED_AUTOS = YES_AGGRESSIVE;
				GCC_WARN_UNUSED_FUNCTION = YES;
				GCC_WARN_UNUSED_VARIABLE = YES;
				IPHONEOS_DEPLOYMENT_TARGET = 10.3;
				MTL_ENABLE_DEBUG_INFO = YES;
				ONLY_ACTIVE_ARCH = YES;
				SDKROOT = iphoneos;
				SWIFT_ACTIVE_COMPILATION_CONDITIONS = DEBUG;
				SWIFT_OPTIMIZATION_LEVEL = "-Onone";
				TARGETED_DEVICE_FAMILY = "1,2";
			};
			name = Debug;
		};
		2EEF8D861EF9BCB90032C85B /* Release */ = {
			isa = XCBuildConfiguration;
			buildSettings = {
				ALWAYS_SEARCH_USER_PATHS = NO;
				CLANG_ANALYZER_NONNULL = YES;
				CLANG_ANALYZER_NUMBER_OBJECT_CONVERSION = YES_AGGRESSIVE;
				CLANG_CXX_LANGUAGE_STANDARD = "gnu++0x";
				CLANG_CXX_LIBRARY = "libc++";
				CLANG_ENABLE_MODULES = YES;
				CLANG_ENABLE_OBJC_ARC = YES;
				CLANG_WARN_BOOL_CONVERSION = YES;
				CLANG_WARN_CONSTANT_CONVERSION = YES;
				CLANG_WARN_DIRECT_OBJC_ISA_USAGE = YES_ERROR;
				CLANG_WARN_DOCUMENTATION_COMMENTS = YES;
				CLANG_WARN_EMPTY_BODY = YES;
				CLANG_WARN_ENUM_CONVERSION = YES;
				CLANG_WARN_INFINITE_RECURSION = YES;
				CLANG_WARN_INT_CONVERSION = YES;
				CLANG_WARN_OBJC_ROOT_CLASS = YES_ERROR;
				CLANG_WARN_SUSPICIOUS_MOVE = YES;
				CLANG_WARN_UNREACHABLE_CODE = YES;
				CLANG_WARN__DUPLICATE_METHOD_MATCH = YES;
				"CODE_SIGN_IDENTITY[sdk=iphoneos*]" = "iPhone Developer";
				COPY_PHASE_STRIP = NO;
				DEBUG_INFORMATION_FORMAT = "dwarf-with-dsym";
				ENABLE_NS_ASSERTIONS = NO;
				ENABLE_STRICT_OBJC_MSGSEND = YES;
				GCC_C_LANGUAGE_STANDARD = gnu99;
				GCC_NO_COMMON_BLOCKS = YES;
				GCC_WARN_64_TO_32_BIT_CONVERSION = YES;
				GCC_WARN_ABOUT_RETURN_TYPE = YES_ERROR;
				GCC_WARN_UNDECLARED_SELECTOR = YES;
				GCC_WARN_UNINITIALIZED_AUTOS = YES_AGGRESSIVE;
				GCC_WARN_UNUSED_FUNCTION = YES;
				GCC_WARN_UNUSED_VARIABLE = YES;
				IPHONEOS_DEPLOYMENT_TARGET = 10.3;
				MTL_ENABLE_DEBUG_INFO = NO;
				SDKROOT = iphoneos;
				SWIFT_OPTIMIZATION_LEVEL = "-Owholemodule";
				TARGETED_DEVICE_FAMILY = "1,2";
				VALIDATE_PRODUCT = YES;
			};
			name = Release;
		};
		2EEF8D881EF9BCB90032C85B /* Debug */ = {
			isa = XCBuildConfiguration;
			buildSettings = {
				ASSETCATALOG_COMPILER_APPICON_NAME = AppIcon;
				INFOPLIST_FILE = Tippy/Info.plist;
				LD_RUNPATH_SEARCH_PATHS = "$(inherited) @executable_path/Frameworks";
				PRODUCT_BUNDLE_IDENTIFIER = com.fb.Tippy;
				PRODUCT_NAME = "$(TARGET_NAME)";
				SWIFT_VERSION = 3.0;
			};
			name = Debug;
		};
		2EEF8D891EF9BCB90032C85B /* Release */ = {
			isa = XCBuildConfiguration;
			buildSettings = {
				ASSETCATALOG_COMPILER_APPICON_NAME = AppIcon;
				INFOPLIST_FILE = Tippy/Info.plist;
				LD_RUNPATH_SEARCH_PATHS = "$(inherited) @executable_path/Frameworks";
				PRODUCT_BUNDLE_IDENTIFIER = com.fb.Tippy;
				PRODUCT_NAME = "$(TARGET_NAME)";
				SWIFT_VERSION = 3.0;
			};
			name = Release;
		};
		2EEF8D8B1EF9BCB90032C85B /* Debug */ = {
			isa = XCBuildConfiguration;
			buildSettings = {
				ALWAYS_EMBED_SWIFT_STANDARD_LIBRARIES = YES;
				BUNDLE_LOADER = "$(TEST_HOST)";
				INFOPLIST_FILE = TippyTests/Info.plist;
				LD_RUNPATH_SEARCH_PATHS = "$(inherited) @executable_path/Frameworks @loader_path/Frameworks";
				PRODUCT_BUNDLE_IDENTIFIER = com.fb.TippyTests;
				PRODUCT_NAME = "$(TARGET_NAME)";
				SWIFT_VERSION = 3.0;
				TEST_HOST = "$(BUILT_PRODUCTS_DIR)/Tippy.app/Tippy";
			};
			name = Debug;
		};
		2EEF8D8C1EF9BCB90032C85B /* Release */ = {
			isa = XCBuildConfiguration;
			buildSettings = {
				ALWAYS_EMBED_SWIFT_STANDARD_LIBRARIES = YES;
				BUNDLE_LOADER = "$(TEST_HOST)";
				INFOPLIST_FILE = TippyTests/Info.plist;
				LD_RUNPATH_SEARCH_PATHS = "$(inherited) @executable_path/Frameworks @loader_path/Frameworks";
				PRODUCT_BUNDLE_IDENTIFIER = com.fb.TippyTests;
				PRODUCT_NAME = "$(TARGET_NAME)";
				SWIFT_VERSION = 3.0;
				TEST_HOST = "$(BUILT_PRODUCTS_DIR)/Tippy.app/Tippy";
			};
			name = Release;
		};
		2EEF8D8E1EF9BCB90032C85B /* Debug */ = {
			isa = XCBuildConfiguration;
			buildSettings = {
				ALWAYS_EMBED_SWIFT_STANDARD_LIBRARIES = YES;
				INFOPLIST_FILE = TippyUITests/Info.plist;
				LD_RUNPATH_SEARCH_PATHS = "$(inherited) @executable_path/Frameworks @loader_path/Frameworks";
				PRODUCT_BUNDLE_IDENTIFIER = com.fb.TippyUITests;
				PRODUCT_NAME = "$(TARGET_NAME)";
				SWIFT_VERSION = 3.0;
				TEST_TARGET_NAME = Tippy;
			};
			name = Debug;
		};
		2EEF8D8F1EF9BCB90032C85B /* Release */ = {
			isa = XCBuildConfiguration;
			buildSettings = {
				ALWAYS_EMBED_SWIFT_STANDARD_LIBRARIES = YES;
				INFOPLIST_FILE = TippyUITests/Info.plist;
				LD_RUNPATH_SEARCH_PATHS = "$(inherited) @executable_path/Frameworks @loader_path/Frameworks";
				PRODUCT_BUNDLE_IDENTIFIER = com.fb.TippyUITests;
				PRODUCT_NAME = "$(TARGET_NAME)";
				SWIFT_VERSION = 3.0;
				TEST_TARGET_NAME = Tippy;
			};
			name = Release;
		};
/* End XCBuildConfiguration section */

/* Begin XCConfigurationList section */
		2EEF8D5A1EF9BCB90032C85B /* Build configuration list for PBXProject "Tippy" */ = {
			isa = XCConfigurationList;
			buildConfigurations = (
				2EEF8D851EF9BCB90032C85B /* Debug */,
				2EEF8D861EF9BCB90032C85B /* Release */,
			);
			defaultConfigurationIsVisible = 0;
			defaultConfigurationName = Release;
		};
		2EEF8D871EF9BCB90032C85B /* Build configuration list for PBXNativeTarget "Tippy" */ = {
			isa = XCConfigurationList;
			buildConfigurations = (
				2EEF8D881EF9BCB90032C85B /* Debug */,
				2EEF8D891EF9BCB90032C85B /* Release */,
			);
			defaultConfigurationIsVisible = 0;
			defaultConfigurationName = Release;
		};
		2EEF8D8A1EF9BCB90032C85B /* Build configuration list for PBXNativeTarget "TippyTests" */ = {
			isa = XCConfigurationList;
			buildConfigurations = (
				2EEF8D8B1EF9BCB90032C85B /* Debug */,
				2EEF8D8C1EF9BCB90032C85B /* Release */,
			);
			defaultConfigurationIsVisible = 0;
			defaultConfigurationName = Release;
		};
		2EEF8D8D1EF9BCB90032C85B /* Build configuration list for PBXNativeTarget "TippyUITests" */ = {
			isa = XCConfigurationList;
			buildConfigurations = (
				2EEF8D8E1EF9BCB90032C85B /* Debug */,
				2EEF8D8F1EF9BCB90032C85B /* Release */,
			);
			defaultConfigurationIsVisible = 0;
			defaultConfigurationName = Release;
		};
/* End XCConfigurationList section */
	};
	rootObject = 2EEF8D571EF9BCB90032C85B /* Project object */;
}
